
Microsoft Visual Studio Solution File, Format Version 12.00
# Visual Studio Version 17
VisualStudioVersion = 17.2.32616.157
MinimumVisualStudioVersion = 10.0.40219.1
Project("{FAE04EC0-301F-11D3-BF4B-00C04F79EFBC}") = "PokemonApi", "PokemonApi.csproj", "{0C5C88AC-FD50-410E-98F7-3ED17D95CDBF}"
EndProject
Global
	GlobalSection(SolutionConfigurationPlatforms) = preSolution
		Debug|Any CPU = Debug|Any CPU
		Release|Any CPU = Release|Any CPU
	EndGlobalSection
	GlobalSection(ProjectConfigurationPlatforms) = postSolution
		{0C5C88AC-FD50-410E-98F7-3ED17D95CDBF}.Debug|Any CPU.ActiveCfg = Debug|Any CPU
		{0C5C88AC-FD50-410E-98F7-3ED17D95CDBF}.Debug|Any CPU.Build.0 = Debug|Any CPU
		{0C5C88AC-FD50-410E-98F7-3ED17D95CDBF}.Release|Any CPU.ActiveCfg = Release|Any CPU
		{0C5C88AC-FD50-410E-98F7-3ED17D95CDBF}.Release|Any CPU.Build.0 = Release|Any CPU
	EndGlobalSection
	GlobalSection(SolutionProperties) = preSolution
		HideSolutionNode = FALSE
	EndGlobalSection
	GlobalSection(ExtensibilityGlobals) = postSolution
		SolutionGuid = {C23AA825-043F-4C71-A312-1C4841553C08}
	EndGlobalSection
EndGlobal
